Microsoft Visual Studio Solution File, Format Version 12.00
# Visual Studio Version 17
VisualStudioVersion = 17.5.2.0
MinimumVisualStudioVersion = 10.0.40219.1
Project("{FAE04EC0-301F-11D3-BF4B-00C04F79EFBC}") = "NotificationSystem_3-tier", "NotificationSystem_3-tier.csproj", "{355E6861-A522-76FA-A203-6C77A206F654}"
EndProject
Global
	GlobalSection(SolutionConfigurationPlatforms) = preSolution
		Debug|Any CPU = Debug|Any CPU
		Release|Any CPU = Release|Any CPU
	EndGlobalSection
	GlobalSection(ProjectConfigurationPlatforms) = postSolution
		{355E6861-A522-76FA-A203-6C77A206F654}.Debug|Any CPU.ActiveCfg = Debug|Any CPU
		{355E6861-A522-76FA-A203-6C77A206F654}.Debug|Any CPU.Build.0 = Debug|Any CPU
		{355E6861-A522-76FA-A203-6C77A206F654}.Release|Any CPU.ActiveCfg = Release|Any CPU
		{355E6861-A522-76FA-A203-6C77A206F654}.Release|Any CPU.Build.0 = Release|Any CPU
	EndGlobalSection
	GlobalSection(SolutionProperties) = preSolution
		HideSolutionNode = FALSE
	EndGlobalSection
	GlobalSection(ExtensibilityGlobals) = postSolution
		SolutionGuid = {2B9D0A21-B196-4B4B-9471-18595124B356}
	EndGlobalSection
EndGlobal
